
Microsoft Visual Studio Solution File, Format Version 12.00
# Visual Studio Version 16
VisualStudioVersion = 16.0.30804.86
MinimumVisualStudioVersion = 10.0.40219.1
Project("{2150E333-8FDC-42A3-9474-1A3956D46DE8}") = "src", "src", "{B02F202F-A0C4-4DDE-B576-358CAE8E6345}"
EndProject
Project("{2150E333-8FDC-42A3-9474-1A3956D46DE8}") = "test", "test", "{9AC58E15-7A31-4736-B60B-B60BD5E4E99F}"
EndProject
Project("{2150E333-8FDC-42A3-9474-1A3956D46DE8}") = "UI", "UI", "{A821723E-0102-469E-AE65-E13B10D4A038}"
EndProject
Project("{2150E333-8FDC-42A3-9474-1A3956D46DE8}") = "Infrastructure", "Infrastructure", "{9214CB6A-CAF8-4374-BB02-88AE4E182AE3}"
EndProject
Project("{9A19103F-16F7-4668-BE54-9A1E7A4F7556}") = "Ray.Infrastructure", "src\Ray.Infrastructure\Ray.Infrastructure.csproj", "{AF681F0F-2D39-45D3-B516-85C3980DF830}"
EndProject
Project("{9A19103F-16F7-4668-BE54-9A1E7A4F7556}") = "Ray.AutoTask.LiWo", "src\Ray.AutoTask.LiWo\Ray.AutoTask.LiWo.csproj", "{B99F2A63-F412-406C-8E24-5890685E2B7E}"
EndProject
Project("{2150E333-8FDC-42A3-9474-1A3956D46DE8}") = "Tasks", "Tasks", "{26FCEA84-A4A2-466C-A90B-9A177B73480E}"
EndProject
Project("{FAE04EC0-301F-11D3-BF4B-00C04F79EFBC}") = "Ray.AutoTask.LiWo.Tasks", "src\Ray.AutoTask.LiWo.Tasks\Ray.AutoTask.LiWo.Tasks.csproj", "{5D1EEB3F-213B-48D8-800D-8946ED3468EA}"
EndProject
Global
	GlobalSection(SolutionConfigurationPlatforms) = preSolution
		Debug|Any CPU = Debug|Any CPU
		Release|Any CPU = Release|Any CPU
	EndGlobalSection
	GlobalSection(ProjectConfigurationPlatforms) = postSolution
		{AF681F0F-2D39-45D3-B516-85C3980DF830}.Debug|Any CPU.ActiveCfg = Debug|Any CPU
		{AF681F0F-2D39-45D3-B516-85C3980DF830}.Debug|Any CPU.Build.0 = Debug|Any CPU
		{AF681F0F-2D39-45D3-B516-85C3980DF830}.Release|Any CPU.ActiveCfg = Release|Any CPU
		{AF681F0F-2D39-45D3-B516-85C3980DF830}.Release|Any CPU.Build.0 = Release|Any CPU
		{B99F2A63-F412-406C-8E24-5890685E2B7E}.Debug|Any CPU.ActiveCfg = Debug|Any CPU
		{B99F2A63-F412-406C-8E24-5890685E2B7E}.Debug|Any CPU.Build.0 = Debug|Any CPU
		{B99F2A63-F412-406C-8E24-5890685E2B7E}.Release|Any CPU.ActiveCfg = Release|Any CPU
		{B99F2A63-F412-406C-8E24-5890685E2B7E}.Release|Any CPU.Build.0 = Release|Any CPU
		{5D1EEB3F-213B-48D8-800D-8946ED3468EA}.Debug|Any CPU.ActiveCfg = Debug|Any CPU
		{5D1EEB3F-213B-48D8-800D-8946ED3468EA}.Debug|Any CPU.Build.0 = Debug|Any CPU
		{5D1EEB3F-213B-48D8-800D-8946ED3468EA}.Release|Any CPU.ActiveCfg = Release|Any CPU
		{5D1EEB3F-213B-48D8-800D-8946ED3468EA}.Release|Any CPU.Build.0 = Release|Any CPU
	EndGlobalSection
	GlobalSection(SolutionProperties) = preSolution
		HideSolutionNode = FALSE
	EndGlobalSection
	GlobalSection(NestedProjects) = preSolution
		{A821723E-0102-469E-AE65-E13B10D4A038} = {B02F202F-A0C4-4DDE-B576-358CAE8E6345}
		{9214CB6A-CAF8-4374-BB02-88AE4E182AE3} = {B02F202F-A0C4-4DDE-B576-358CAE8E6345}
		{AF681F0F-2D39-45D3-B516-85C3980DF830} = {9214CB6A-CAF8-4374-BB02-88AE4E182AE3}
		{B99F2A63-F412-406C-8E24-5890685E2B7E} = {A821723E-0102-469E-AE65-E13B10D4A038}
		{26FCEA84-A4A2-466C-A90B-9A177B73480E} = {B02F202F-A0C4-4DDE-B576-358CAE8E6345}
		{5D1EEB3F-213B-48D8-800D-8946ED3468EA} = {26FCEA84-A4A2-466C-A90B-9A177B73480E}
	EndGlobalSection
	GlobalSection(ExtensibilityGlobals) = postSolution
		SolutionGuid = {D65143B6-0FEE-4FC1-B69D-BFF71F6605E5}
	EndGlobalSection
EndGlobal
