
Microsoft Visual Studio Solution File, Format Version 12.00
# Visual Studio Version 16
VisualStudioVersion = 16.0.30804.86
MinimumVisualStudioVersion = 10.0.40219.1
Project("{2150E333-8FDC-42A3-9474-1A3956D46DE8}") = "src", "src", "{B02F202F-A0C4-4DDE-B576-358CAE8E6345}"
EndProject
Project("{2150E333-8FDC-42A3-9474-1A3956D46DE8}") = "test", "test", "{9AC58E15-7A31-4736-B60B-B60BD5E4E99F}"
EndProject
Project("{9A19103F-16F7-4668-BE54-9A1E7A4F7556}") = "Ray.AutoTask", "src\Ray.AutoTask\Ray.AutoTask.csproj", "{D6A1806C-E80B-4B5B-9AD5-6A6C32899A91}"
EndProject
Project("{2150E333-8FDC-42A3-9474-1A3956D46DE8}") = "UI", "UI", "{A821723E-0102-469E-AE65-E13B10D4A038}"
EndProject
Project("{2150E333-8FDC-42A3-9474-1A3956D46DE8}") = "Infrastructure", "Infrastructure", "{9214CB6A-CAF8-4374-BB02-88AE4E182AE3}"
EndProject
Project("{9A19103F-16F7-4668-BE54-9A1E7A4F7556}") = "Ray.Infrastructure", "src\Ray.Infrastructure\Ray.Infrastructure.csproj", "{AF681F0F-2D39-45D3-B516-85C3980DF830}"
EndProject
Project("{2150E333-8FDC-42A3-9474-1A3956D46DE8}") = "Solution Items", "Solution Items", "{F985E175-D47D-4C1B-9315-445BDC0B0576}"
	ProjectSection(SolutionItems) = preProject
		.editorconfig = .editorconfig
		.gitignore = .gitignore
		clean.cmd = clean.cmd
		LICENSE = LICENSE
		README.md = README.md
	EndProjectSection
EndProject
Global
	GlobalSection(SolutionConfigurationPlatforms) = preSolution
		Debug|Any CPU = Debug|Any CPU
		Release|Any CPU = Release|Any CPU
	EndGlobalSection
	GlobalSection(ProjectConfigurationPlatforms) = postSolution
		{D6A1806C-E80B-4B5B-9AD5-6A6C32899A91}.Debug|Any CPU.ActiveCfg = Debug|Any CPU
		{D6A1806C-E80B-4B5B-9AD5-6A6C32899A91}.Debug|Any CPU.Build.0 = Debug|Any CPU
		{D6A1806C-E80B-4B5B-9AD5-6A6C32899A91}.Release|Any CPU.ActiveCfg = Release|Any CPU
		{D6A1806C-E80B-4B5B-9AD5-6A6C32899A91}.Release|Any CPU.Build.0 = Release|Any CPU
		{AF681F0F-2D39-45D3-B516-85C3980DF830}.Debug|Any CPU.ActiveCfg = Debug|Any CPU
		{AF681F0F-2D39-45D3-B516-85C3980DF830}.Debug|Any CPU.Build.0 = Debug|Any CPU
		{AF681F0F-2D39-45D3-B516-85C3980DF830}.Release|Any CPU.ActiveCfg = Release|Any CPU
		{AF681F0F-2D39-45D3-B516-85C3980DF830}.Release|Any CPU.Build.0 = Release|Any CPU
	EndGlobalSection
	GlobalSection(SolutionProperties) = preSolution
		HideSolutionNode = FALSE
	EndGlobalSection
	GlobalSection(NestedProjects) = preSolution
		{D6A1806C-E80B-4B5B-9AD5-6A6C32899A91} = {A821723E-0102-469E-AE65-E13B10D4A038}
		{A821723E-0102-469E-AE65-E13B10D4A038} = {B02F202F-A0C4-4DDE-B576-358CAE8E6345}
		{9214CB6A-CAF8-4374-BB02-88AE4E182AE3} = {B02F202F-A0C4-4DDE-B576-358CAE8E6345}
		{AF681F0F-2D39-45D3-B516-85C3980DF830} = {9214CB6A-CAF8-4374-BB02-88AE4E182AE3}
	EndGlobalSection
	GlobalSection(ExtensibilityGlobals) = postSolution
		SolutionGuid = {D65143B6-0FEE-4FC1-B69D-BFF71F6605E5}
	EndGlobalSection
EndGlobal
